
Microsoft Visual Studio Solution File, Format Version 12.00
# Visual Studio Version 17
VisualStudioVersion = 17.10.35004.147
MinimumVisualStudioVersion = 10.0.40219.1
Project("{FAE04EC0-301F-11D3-BF4B-00C04F79EFBC}") = "Api23_HW", "Api23_HW\Api23_HW.csproj", "{4C3A3DBC-07AA-48FB-AC6E-BE19D7FEE6BE}"
EndProject
Global
	GlobalSection(SolutionConfigurationPlatforms) = preSolution
		Debug|Any CPU = Debug|Any CPU
		Release|Any CPU = Release|Any CPU
	EndGlobalSection
	GlobalSection(ProjectConfigurationPlatforms) = postSolution
		{4C3A3DBC-07AA-48FB-AC6E-BE19D7FEE6BE}.Debug|Any CPU.ActiveCfg = Debug|Any CPU
		{4C3A3DBC-07AA-48FB-AC6E-BE19D7FEE6BE}.Debug|Any CPU.Build.0 = Debug|Any CPU
		{4C3A3DBC-07AA-48FB-AC6E-BE19D7FEE6BE}.Release|Any CPU.ActiveCfg = Release|Any CPU
		{4C3A3DBC-07AA-48FB-AC6E-BE19D7FEE6BE}.Release|Any CPU.Build.0 = Release|Any CPU
	EndGlobalSection
	GlobalSection(SolutionProperties) = preSolution
		HideSolutionNode = FALSE
	EndGlobalSection
	GlobalSection(ExtensibilityGlobals) = postSolution
		SolutionGuid = {7980846D-7A46-4E90-932F-A3A7539D9511}
	EndGlobalSection
EndGlobal
